{
  "name": "api_ts",
  "version": "1.0.0",
  "lockfileVersion": 1,
  "requires": true,
  "dependencies": {
    "@types/body-parser": {
      "version": "1.19.0",
      "resolved": "https://registry.npmjs.org/@types/body-parser/-/body-parser-1.19.0.tgz",
      "integrity": "sha512-W98JrE0j2K78swW4ukqMleo8R7h/pFETjM2DQ90MF6XK2i4LO4W3gQ71Lt4w3bfm2EvVSyWHplECvB5sK22yFQ==",
      "dev": true,
      "requires": {
        "@types/connect": "*",
        "@types/node": "*"
      }
    },
    "@types/bson": {
      "version": "4.0.3",
      "resolved": "https://registry.npmjs.org/@types/bson/-/bson-4.0.3.tgz",
      "integrity": "sha512-mVRvYnTOZJz3ccpxhr3wgxVmSeiYinW+zlzQz3SXWaJmD1DuL05Jeq7nKw3SnbKmbleW5qrLG5vdyWe/A9sXhw==",
      "requires": {
        "@types/node": "*"
      }
    },
    "@types/connect": {
      "version": "3.4.33",
      "resolved": "https://registry.npmjs.org/@types/connect/-/connect-3.4.33.tgz",
      "integrity": "sha512-2+FrkXY4zllzTNfJth7jOqEHC+enpLeGslEhpnTAkg21GkRrWV4SsAtqchtT4YS9/nODBU2/ZfsBY2X4J/dX7A==",
      "dev": true,
      "requires": {
        "@types/node": "*"
      }
    },
    "@types/express": {
      "version": "4.17.8",
      "resolved": "https://registry.npmjs.org/@types/express/-/express-4.17.8.tgz",
      "integrity": "sha512-wLhcKh3PMlyA2cNAB9sjM1BntnhPMiM0JOBwPBqttjHev2428MLEB4AYVN+d8s2iyCVZac+o41Pflm/ZH5vLXQ==",
      "dev": true,
      "requires": {
        "@types/body-parser": "*",
        "@types/express-serve-static-core": "*",
        "@types/qs": "*",
        "@types/serve-static": "*"
      }
    },
    "@types/express-serve-static-core": {
      "version": "4.17.13",
      "resolved": "https://registry.npmjs.org/@types/express-serve-static-core/-/express-serve-static-core-4.17.13.tgz",
      "integrity": "sha512-RgDi5a4nuzam073lRGKTUIaL3eF2+H7LJvJ8eUnCI0wA6SNjXc44DCmWNiTLs/AZ7QlsFWZiw/gTG3nSQGL0fA==",
      "dev": true,
      "requires": {
        "@types/node": "*",
        "@types/qs": "*",
        "@types/range-parser": "*"
      }
    },
    "@types/http-status": {
      "version": "1.1.2",
      "resolved": "https://registry.npmjs.org/@types/http-status/-/http-status-1.1.2.tgz",
      "integrity": "sha512-GodZPvF3xPVglUx4q7s0plKu1cdW0mMLADpWi5PMMx3n/2xGB6GoKqQxQxp6A5xuARtZpQ9/6p3WDFwCpPaN8A==",
      "dev": true,
      "requires": {
        "http-status": "*"
      }
    },
    "@types/mime": {
      "version": "2.0.3",
      "resolved": "https://registry.npmjs.org/@types/mime/-/mime-2.0.3.tgz",
      "integrity": "sha512-Jus9s4CDbqwocc5pOAnh8ShfrnMcPHuJYzVcSUU7lrh8Ni5HuIqX3oilL86p3dlTrk0LzHRCgA/GQ7uNCw6l2Q==",
      "dev": true
    },
    "@types/mongodb": {
      "version": "3.5.33",
      "resolved": "https://registry.npmjs.org/@types/mongodb/-/mongodb-3.5.33.tgz",
      "integrity": "sha512-biMkaYFyUP8jNczbi2BgtvVfiEtPZ+NTf+Jz4LmsQjO+Zk+kx1WNjz8gNArWlA/5DXVwMVWgIFtbj6Tslt1yWw==",
      "requires": {
        "@types/bson": "*",
        "@types/node": "*"
      }
    },
    "@types/mongoose": {
      "version": "5.7.37",
      "resolved": "https://registry.npmjs.org/@types/mongoose/-/mongoose-5.7.37.tgz",
      "integrity": "sha512-PRAZiDZvo3D1Dzs1xtFQBT8YTZIXI9MexkTWyTwIy6C/6jAEGQen2ayg4NjHhjM+5eE4isHq0vbUjzzVWu2qJQ==",
      "requires": {
        "@types/mongodb": "*",
        "@types/node": "*"
      }
    },
    "@types/node": {
      "version": "14.14.6",
      "resolved": "https://registry.npmjs.org/@types/node/-/node-14.14.6.tgz",
      "integrity": "sha512-6QlRuqsQ/Ox/aJEQWBEJG7A9+u7oSYl3mem/K8IzxXG/kAGbV1YPD9Bg9Zw3vyxC/YP+zONKwy8hGkSt1jxFMw=="
    },
    "@types/qs": {
      "version": "6.9.5",
      "resolved": "https://registry.npmjs.org/@types/qs/-/qs-6.9.5.tgz",
      "integrity": "sha512-/JHkVHtx/REVG0VVToGRGH2+23hsYLHdyG+GrvoUGlGAd0ErauXDyvHtRI/7H7mzLm+tBCKA7pfcpkQ1lf58iQ==",
      "dev": true
    },
    "@types/range-parser": {
      "version": "1.2.3",
      "resolved": "https://registry.npmjs.org/@types/range-parser/-/range-parser-1.2.3.tgz",
      "integrity": "sha512-ewFXqrQHlFsgc09MK5jP5iR7vumV/BYayNC6PgJO2LPe8vrnNFyjQjSppfEngITi0qvfKtzFvgKymGheFM9UOA==",
      "dev": true
    },
    "@types/serve-static": {
      "version": "1.13.6",
      "resolved": "https://registry.npmjs.org/@types/serve-static/-/serve-static-1.13.6.tgz",
      "integrity": "sha512-nuRJmv7jW7VmCVTn+IgYDkkbbDGyIINOeu/G0d74X3lm6E5KfMeQPJhxIt1ayQeQB3cSxvYs1RA/wipYoFB4EA==",
      "dev": true,
      "requires": {
        "@types/mime": "*",
        "@types/node": "*"
      }
    },
    "http-status": {
      "version": "1.4.2",
      "resolved": "https://registry.npmjs.org/http-status/-/http-status-1.4.2.tgz",
      "integrity": "sha512-mBnIohUwRw9NyXMEMMv8/GANnzEYUj0Y8d3uL01zDWFkxUjYyZ6rgCaAI2zZ1Wb34Oqtbx/nFZolPRDc8Xlm5A==",
      "dev": true
    }
  }
}
